<?xml version="1.0" encoding="utf-8"?>
<Project ToolsVersion="4.0" xmlns="http://schemas.microsoft.com/developer/msbuild/2003">
  <ItemGroup>
    <Filter Include="Resource Files">
      <UniqueIdentifier>{67DA6AB6-F800-4c08-8B7A-83BB121AAD01}</UniqueIdentifier>
      <Extensions>rc;ico;cur;bmp;dlg;rc2;rct;bin;rgs;gif;jpg;jpeg;jpe;resx;tiff;tif;png;wav;mfcribbon-ms</Extensions>
    </Filter>
    <Filter Include="src">
      <UniqueIdentifier>{412140e9-aa14-4245-8b09-d687e35b79ba}</UniqueIdentifier>
    </Filter>
    <Filter Include="src\Header Files">
      <UniqueIdentifier>{93995380-89BD-4b04-88EB-625FBE52EBFB}</UniqueIdentifier>
      <Extensions>h;hh;hpp;hxx;h++;hm;inl;inc;ipp;xsd</Extensions>
    </Filter>
    <Filter Include="src\Source Files">
      <UniqueIdentifier>{4FC737F1-C7A5-4376-A066-2A32D752A2FF}</UniqueIdentifier>
      <Extensions>cpp;c;cc;cxx;c++;cppm;ixx;def;odl;idl;hpj;bat;asm;asmx</Extensions>
    </Filter>
    <Filter Include="src\utils">
      <UniqueIdentifier>{68c43fc9-4ca3-4e00-b246-18d25a115e3c}</UniqueIdentifier>
    </Filter>
    <Filter Include="src\Process Management">
      <UniqueIdentifier>{9bfeea21-ddd5-497d-929b-4e6b5a7c02e6}</UniqueIdentifier>
    </Filter>
    <Filter Include="src\include">
      <UniqueIdentifier>{089afb7a-923a-4d7b-a0a4-6c1de25c4b03}</UniqueIdentifier>
    </Filter>
  </ItemGroup>
  <ItemGroup>
    <ClInclude Include="src\Header Files\framework.h">
      <Filter>src\Header Files</Filter>
    </ClInclude>
    <ClInclude Include="src\Header Files\pch.h">
      <Filter>src\Header Files</Filter>
    </ClInclude>
    <ClInclude Include="src\process_management\process_management.h">
      <Filter>src\Process Management</Filter>
    </ClInclude>
    <ClInclude Include="src\include\include.h">
      <Filter>src\include</Filter>
    </ClInclude>
    <ClInclude Include="src\Header Files\utils.h">
      <Filter>src\Header Files</Filter>
    </ClInclude>
  </ItemGroup>
  <ItemGroup>
    <ClCompile Include="src\Source Files\pch.cpp">
      <Filter>src\Source Files</Filter>
    </ClCompile>
    <ClCompile Include="src\process_management\process_management.cpp">
      <Filter>src\Process Management</Filter>
    </ClCompile>
    <ClCompile Include="src\Header Files\utils.cpp">
      <Filter>src\Source Files</Filter>
    </ClCompile>
  </ItemGroup>
</Project>